// !$*UTF8*$!
{
	archiveVersion = 1;
	classes = {
	};
	objectVersion = 56;
	objects = {

/* Begin PBXBuildFile section */
		852D2D9B070AAA313AC6159F /* Pods_EcoTransitTests.framework in Frameworks */ = {isa = PBXBuildFile; fileRef = 952572592EC1C3DA0A2317EA /* Pods_EcoTransitTests.framework */; };
		8D018FA02AFAFE9300F6DE45 /* RideRequestView.swift in Sources */ = {isa = PBXBuildFile; fileRef = 8D018F9F2AFAFE9300F6DE45 /* RideRequestView.swift */; };
		8D3C8F4B2AF7C0760033B6C6 /* Location.swift in Sources */ = {isa = PBXBuildFile; fileRef = 8D3C8F4A2AF7C0760033B6C6 /* Location.swift */; };
		8D3C8F4D2AF7C0870033B6C6 /* Driver.swift in Sources */ = {isa = PBXBuildFile; fileRef = 8D3C8F4C2AF7C0870033B6C6 /* Driver.swift */; };
		8D3C8F4F2AF7C0990033B6C6 /* TrackYourRide.swift in Sources */ = {isa = PBXBuildFile; fileRef = 8D3C8F4E2AF7C0990033B6C6 /* TrackYourRide.swift */; };
		8D629AD22AF90DE300B6F08E /* WeclomeSwipeView.swift in Sources */ = {isa = PBXBuildFile; fileRef = 8D629AD12AF90DE300B6F08E /* WeclomeSwipeView.swift */; };
		8D6E31D62AF99B76008C4AC6 /* LocationSearchViewModel.swift in Sources */ = {isa = PBXBuildFile; fileRef = 8D6E31D52AF99B76008C4AC6 /* LocationSearchViewModel.swift */; };
		8D78B6052AFD3D2E001EBF97 /* DriverModel.swift in Sources */ = {isa = PBXBuildFile; fileRef = 8D78B6042AFD3D2E001EBF97 /* DriverModel.swift */; };
		8D78B60B2AFD3F62001EBF97 /* DriverDetailsView.swift in Sources */ = {isa = PBXBuildFile; fileRef = 8D78B60A2AFD3F62001EBF97 /* DriverDetailsView.swift */; };
		8D90B04F2AFBE9BB00DDB461 /* MapViewState.swift in Sources */ = {isa = PBXBuildFile; fileRef = 8D90B04E2AFBE9BB00DDB461 /* MapViewState.swift */; };
		8D90B0512AFC310300DDB461 /* RideType.swift in Sources */ = {isa = PBXBuildFile; fileRef = 8D90B0502AFC310300DDB461 /* RideType.swift */; };
		8DAAF4FF2B00430000CB3012 /* ContentChatView.swift in Sources */ = {isa = PBXBuildFile; fileRef = 8DAAF4FE2B00430000CB3012 /* ContentChatView.swift */; };
		8DAAF5012B0043F200CB3012 /* MessagesManager.swift in Sources */ = {isa = PBXBuildFile; fileRef = 8DAAF5002B0043F200CB3012 /* MessagesManager.swift */; };
		8DAAF5042B00448C00CB3012 /* MessageBubble.swift in Sources */ = {isa = PBXBuildFile; fileRef = 8DAAF5032B00448C00CB3012 /* MessageBubble.swift */; };
		8DAAF5062B0044B300CB3012 /* MessageField.swift in Sources */ = {isa = PBXBuildFile; fileRef = 8DAAF5052B0044B300CB3012 /* MessageField.swift */; };
		8DAAF5082B0044CF00CB3012 /* TitleRow.swift in Sources */ = {isa = PBXBuildFile; fileRef = 8DAAF5072B0044CF00CB3012 /* TitleRow.swift */; };
		8DAAF50D2B005A4B00CB3012 /* Message.swift in Sources */ = {isa = PBXBuildFile; fileRef = 8DAAF50C2B005A4B00CB3012 /* Message.swift */; };
		8DAAF50F2B005DC000CB3012 /* GoogleService-Info.plist in Resources */ = {isa = PBXBuildFile; fileRef = 8DAAF50E2B005DC000CB3012 /* GoogleService-Info.plist */; };
		8DAAF5122B0065CA00CB3012 /* FirebaseFirestore in Frameworks */ = {isa = PBXBuildFile; productRef = 8DAAF5112B0065CA00CB3012 /* FirebaseFirestore */; };
		8DAAF5142B0065CA00CB3012 /* FirebaseFirestoreSwift in Frameworks */ = {isa = PBXBuildFile; productRef = 8DAAF5132B0065CA00CB3012 /* FirebaseFirestoreSwift */; };
		8DAAF5162B006B1A00CB3012 /* Extensions.swift in Sources */ = {isa = PBXBuildFile; fileRef = 8DAAF5152B006B1A00CB3012 /* Extensions.swift */; };
		8DCAF8932AF6ECE200912616 /* EcoTransitApp.swift in Sources */ = {isa = PBXBuildFile; fileRef = 8DCAF8922AF6ECE200912616 /* EcoTransitApp.swift */; };
		8DCAF8952AF6ECE200912616 /* Content1View.swift in Sources */ = {isa = PBXBuildFile; fileRef = 8DCAF8942AF6ECE200912616 /* Content1View.swift */; };
		8DCAF8972AF6ECE400912616 /* Assets.xcassets in Resources */ = {isa = PBXBuildFile; fileRef = 8DCAF8962AF6ECE400912616 /* Assets.xcassets */; };
		8DCAF89A2AF6ECE400912616 /* Preview Assets.xcassets in Resources */ = {isa = PBXBuildFile; fileRef = 8DCAF8992AF6ECE400912616 /* Preview Assets.xcassets */; };
		8DCAF89C2AF6ECE400912616 /* Persistence.swift in Sources */ = {isa = PBXBuildFile; fileRef = 8DCAF89B2AF6ECE400912616 /* Persistence.swift */; };
		8DCAF89F2AF6ECE400912616 /* EcoTransit.xcdatamodeld in Sources */ = {isa = PBXBuildFile; fileRef = 8DCAF89D2AF6ECE400912616 /* EcoTransit.xcdatamodeld */; };
		8DCAF8A92AF6ECE400912616 /* EcoTransitTests.swift in Sources */ = {isa = PBXBuildFile; fileRef = 8DCAF8A82AF6ECE400912616 /* EcoTransitTests.swift */; };
		8DCAF8B32AF6ECE400912616 /* EcoTransitUITests.swift in Sources */ = {isa = PBXBuildFile; fileRef = 8DCAF8B22AF6ECE400912616 /* EcoTransitUITests.swift */; };
		8DCAF8B52AF6ECE400912616 /* EcoTransitUITestsLaunchTests.swift in Sources */ = {isa = PBXBuildFile; fileRef = 8DCAF8B42AF6ECE400912616 /* EcoTransitUITestsLaunchTests.swift */; };
		8DCAF8C22AF6F3D300912616 /* MapViewRepresentable.swift in Sources */ = {isa = PBXBuildFile; fileRef = 8DCAF8C12AF6F3D300912616 /* MapViewRepresentable.swift */; };
		8DCAF8C42AF6F78D00912616 /* LocationManager.swift in Sources */ = {isa = PBXBuildFile; fileRef = 8DCAF8C32AF6F78D00912616 /* LocationManager.swift */; };
		8DCAF8CB2AF70CD800912616 /* LocationSearchActivationView.swift in Sources */ = {isa = PBXBuildFile; fileRef = 8DCAF8CA2AF70CD800912616 /* LocationSearchActivationView.swift */; };
		8DCAF8CE2AF7159F00912616 /* HomeView.swift in Sources */ = {isa = PBXBuildFile; fileRef = 8DCAF8CD2AF7159F00912616 /* HomeView.swift */; };
		8DCAF8D02AF717C500912616 /* MapViewActionButton.swift in Sources */ = {isa = PBXBuildFile; fileRef = 8DCAF8CF2AF717C500912616 /* MapViewActionButton.swift */; };
		8DCAF8D42AF71A2600912616 /* LocationSearchView.swift in Sources */ = {isa = PBXBuildFile; fileRef = 8DCAF8D32AF71A2600912616 /* LocationSearchView.swift */; };
		8DCAF8D62AF71F3700912616 /* LocationSearchResultCell.swift in Sources */ = {isa = PBXBuildFile; fileRef = 8DCAF8D52AF71F3700912616 /* LocationSearchResultCell.swift */; };
		A9C318C45538B3B31C6CB31C /* Pods_EcoTransit.framework in Frameworks */ = {isa = PBXBuildFile; fileRef = 9C5EDBCBE33F33041E3A471E /* Pods_EcoTransit.framework */; };
		D2FE12A73C529D3E6708E44D /* Pods_EcoTransit_EcoTransitUITests.framework in Frameworks */ = {isa = PBXBuildFile; fileRef = FFB8E63FDFD3DAF524990803 /* Pods_EcoTransit_EcoTransitUITests.framework */; };
/* End PBXBuildFile section */

/* Begin PBXContainerItemProxy section */
		8DCAF8A52AF6ECE400912616 /* PBXContainerItemProxy */ = {
			isa = PBXContainerItemProxy;
			containerPortal = 8DCAF8872AF6ECE200912616 /* Project object */;
			proxyType = 1;
			remoteGlobalIDString = 8DCAF88E2AF6ECE200912616;
			remoteInfo = EcoTransit;
		};
		8DCAF8AF2AF6ECE400912616 /* PBXContainerItemProxy */ = {
			isa = PBXContainerItemProxy;
			containerPortal = 8DCAF8872AF6ECE200912616 /* Project object */;
			proxyType = 1;
			remoteGlobalIDString = 8DCAF88E2AF6ECE200912616;
			remoteInfo = EcoTransit;
		};
/* End PBXContainerItemProxy section */

/* Begin PBXFileReference section */
		08E3665DAE4F714A60164495 /* Pods-EcoTransitTests.debug.xcconfig */ = {isa = PBXFileReference; includeInIndex = 1; lastKnownFileType = text.xcconfig; name = "Pods-EcoTransitTests.debug.xcconfig"; path = "Target Support Files/Pods-EcoTransitTests/Pods-EcoTransitTests.debug.xcconfig"; sourceTree = "<group>"; };
		40E81BC2163AC57E0A3457EF /* Pods-EcoTransit-EcoTransitUITests.debug.xcconfig */ = {isa = PBXFileReference; includeInIndex = 1; lastKnownFileType = text.xcconfig; name = "Pods-EcoTransit-EcoTransitUITests.debug.xcconfig"; path = "Target Support Files/Pods-EcoTransit-EcoTransitUITests/Pods-EcoTransit-EcoTransitUITests.debug.xcconfig"; sourceTree = "<group>"; };
		457DF06E4377378CE0D6FE21 /* Pods-EcoTransit-EcoTransitUITests.release.xcconfig */ = {isa = PBXFileReference; includeInIndex = 1; lastKnownFileType = text.xcconfig; name = "Pods-EcoTransit-EcoTransitUITests.release.xcconfig"; path = "Target Support Files/Pods-EcoTransit-EcoTransitUITests/Pods-EcoTransit-EcoTransitUITests.release.xcconfig"; sourceTree = "<group>"; };
		4AB2ACD7A3C964288AEE69D8 /* Pods-EcoTransit.release.xcconfig */ = {isa = PBXFileReference; includeInIndex = 1; lastKnownFileType = text.xcconfig; name = "Pods-EcoTransit.release.xcconfig"; path = "Target Support Files/Pods-EcoTransit/Pods-EcoTransit.release.xcconfig"; sourceTree = "<group>"; };
		4EFF4A668F52A43C786EF803 /* Pods-EcoTransit.debug.xcconfig */ = {isa = PBXFileReference; includeInIndex = 1; lastKnownFileType = text.xcconfig; name = "Pods-EcoTransit.debug.xcconfig"; path = "Target Support Files/Pods-EcoTransit/Pods-EcoTransit.debug.xcconfig"; sourceTree = "<group>"; };
		81F8210DF3D3EC1CC60E7937 /* Pods-EcoTransitTests.release.xcconfig */ = {isa = PBXFileReference; includeInIndex = 1; lastKnownFileType = text.xcconfig; name = "Pods-EcoTransitTests.release.xcconfig"; path = "Target Support Files/Pods-EcoTransitTests/Pods-EcoTransitTests.release.xcconfig"; sourceTree = "<group>"; };
		8D018F9F2AFAFE9300F6DE45 /* RideRequestView.swift */ = {isa = PBXFileReference; lastKnownFileType = sourcecode.swift; path = RideRequestView.swift; sourceTree = "<group>"; };
		8D3C8F4A2AF7C0760033B6C6 /* Location.swift */ = {isa = PBXFileReference; lastKnownFileType = sourcecode.swift; path = Location.swift; sourceTree = "<group>"; };
		8D3C8F4C2AF7C0870033B6C6 /* Driver.swift */ = {isa = PBXFileReference; lastKnownFileType = sourcecode.swift; path = Driver.swift; sourceTree = "<group>"; };
		8D3C8F4E2AF7C0990033B6C6 /* TrackYourRide.swift */ = {isa = PBXFileReference; lastKnownFileType = sourcecode.swift; path = TrackYourRide.swift; sourceTree = "<group>"; };
		8D629AD12AF90DE300B6F08E /* WeclomeSwipeView.swift */ = {isa = PBXFileReference; lastKnownFileType = sourcecode.swift; path = WeclomeSwipeView.swift; sourceTree = "<group>"; };
		8D6E31D52AF99B76008C4AC6 /* LocationSearchViewModel.swift */ = {isa = PBXFileReference; lastKnownFileType = sourcecode.swift; path = LocationSearchViewModel.swift; sourceTree = "<group>"; };
		8D78B6042AFD3D2E001EBF97 /* DriverModel.swift */ = {isa = PBXFileReference; lastKnownFileType = sourcecode.swift; path = DriverModel.swift; sourceTree = "<group>"; };
		8D78B60A2AFD3F62001EBF97 /* DriverDetailsView.swift */ = {isa = PBXFileReference; lastKnownFileType = sourcecode.swift; path = DriverDetailsView.swift; sourceTree = "<group>"; };
		8D90B04E2AFBE9BB00DDB461 /* MapViewState.swift */ = {isa = PBXFileReference; lastKnownFileType = sourcecode.swift; path = MapViewState.swift; sourceTree = "<group>"; };
		8D90B0502AFC310300DDB461 /* RideType.swift */ = {isa = PBXFileReference; lastKnownFileType = sourcecode.swift; path = RideType.swift; sourceTree = "<group>"; };
		8DAAF4FE2B00430000CB3012 /* ContentChatView.swift */ = {isa = PBXFileReference; lastKnownFileType = sourcecode.swift; path = ContentChatView.swift; sourceTree = "<group>"; };
		8DAAF5002B0043F200CB3012 /* MessagesManager.swift */ = {isa = PBXFileReference; lastKnownFileType = sourcecode.swift; path = MessagesManager.swift; sourceTree = "<group>"; };
		8DAAF5032B00448C00CB3012 /* MessageBubble.swift */ = {isa = PBXFileReference; lastKnownFileType = sourcecode.swift; path = MessageBubble.swift; sourceTree = "<group>"; };
		8DAAF5052B0044B300CB3012 /* MessageField.swift */ = {isa = PBXFileReference; lastKnownFileType = sourcecode.swift; path = MessageField.swift; sourceTree = "<group>"; };
		8DAAF5072B0044CF00CB3012 /* TitleRow.swift */ = {isa = PBXFileReference; lastKnownFileType = sourcecode.swift; path = TitleRow.swift; sourceTree = "<group>"; };
		8DAAF50C2B005A4B00CB3012 /* Message.swift */ = {isa = PBXFileReference; lastKnownFileType = sourcecode.swift; path = Message.swift; sourceTree = "<group>"; };
		8DAAF50E2B005DC000CB3012 /* GoogleService-Info.plist */ = {isa = PBXFileReference; fileEncoding = 4; lastKnownFileType = text.plist.xml; path = "GoogleService-Info.plist"; sourceTree = "<group>"; };
		8DAAF5152B006B1A00CB3012 /* Extensions.swift */ = {isa = PBXFileReference; lastKnownFileType = sourcecode.swift; path = Extensions.swift; sourceTree = "<group>"; };
		8DCAF88F2AF6ECE200912616 /* EcoTransit.app */ = {isa = PBXFileReference; explicitFileType = wrapper.application; includeInIndex = 0; path = EcoTransit.app; sourceTree = BUILT_PRODUCTS_DIR; };
		8DCAF8922AF6ECE200912616 /* EcoTransitApp.swift */ = {isa = PBXFileReference; lastKnownFileType = sourcecode.swift; path = EcoTransitApp.swift; sourceTree = "<group>"; };
		8DCAF8942AF6ECE200912616 /* Content1View.swift */ = {isa = PBXFileReference; lastKnownFileType = sourcecode.swift; path = Content1View.swift; sourceTree = "<group>"; };
		8DCAF8962AF6ECE400912616 /* Assets.xcassets */ = {isa = PBXFileReference; lastKnownFileType = folder.assetcatalog; path = Assets.xcassets; sourceTree = "<group>"; };
		8DCAF8992AF6ECE400912616 /* Preview Assets.xcassets */ = {isa = PBXFileReference; lastKnownFileType = folder.assetcatalog; path = "Preview Assets.xcassets"; sourceTree = "<group>"; };
		8DCAF89B2AF6ECE400912616 /* Persistence.swift */ = {isa = PBXFileReference; lastKnownFileType = sourcecode.swift; path = Persistence.swift; sourceTree = "<group>"; };
		8DCAF89E2AF6ECE400912616 /* EcoTransit.xcdatamodel */ = {isa = PBXFileReference; lastKnownFileType = wrapper.xcdatamodel; path = EcoTransit.xcdatamodel; sourceTree = "<group>"; };
		8DCAF8A42AF6ECE400912616 /* EcoTransitTests.xctest */ = {isa = PBXFileReference; explicitFileType = wrapper.cfbundle; includeInIndex = 0; path = EcoTransitTests.xctest; sourceTree = BUILT_PRODUCTS_DIR; };
		8DCAF8A82AF6ECE400912616 /* EcoTransitTests.swift */ = {isa = PBXFileReference; lastKnownFileType = sourcecode.swift; path = EcoTransitTests.swift; sourceTree = "<group>"; };
		8DCAF8AE2AF6ECE400912616 /* EcoTransitUITests.xctest */ = {isa = PBXFileReference; explicitFileType = wrapper.cfbundle; includeInIndex = 0; path = EcoTransitUITests.xctest; sourceTree = BUILT_PRODUCTS_DIR; };
		8DCAF8B22AF6ECE400912616 /* EcoTransitUITests.swift */ = {isa = PBXFileReference; lastKnownFileType = sourcecode.swift; path = EcoTransitUITests.swift; sourceTree = "<group>"; };
		8DCAF8B42AF6ECE400912616 /* EcoTransitUITestsLaunchTests.swift */ = {isa = PBXFileReference; lastKnownFileType = sourcecode.swift; path = EcoTransitUITestsLaunchTests.swift; sourceTree = "<group>"; };
		8DCAF8C12AF6F3D300912616 /* MapViewRepresentable.swift */ = {isa = PBXFileReference; lastKnownFileType = sourcecode.swift; path = MapViewRepresentable.swift; sourceTree = "<group>"; };
		8DCAF8C32AF6F78D00912616 /* LocationManager.swift */ = {isa = PBXFileReference; lastKnownFileType = sourcecode.swift; path = LocationManager.swift; sourceTree = "<group>"; };
		8DCAF8CA2AF70CD800912616 /* LocationSearchActivationView.swift */ = {isa = PBXFileReference; lastKnownFileType = sourcecode.swift; path = LocationSearchActivationView.swift; sourceTree = "<group>"; };
		8DCAF8CD2AF7159F00912616 /* HomeView.swift */ = {isa = PBXFileReference; lastKnownFileType = sourcecode.swift; path = HomeView.swift; sourceTree = "<group>"; };
		8DCAF8CF2AF717C500912616 /* MapViewActionButton.swift */ = {isa = PBXFileReference; lastKnownFileType = sourcecode.swift; path = MapViewActionButton.swift; sourceTree = "<group>"; };
		8DCAF8D32AF71A2600912616 /* LocationSearchView.swift */ = {isa = PBXFileReference; lastKnownFileType = sourcecode.swift; path = LocationSearchView.swift; sourceTree = "<group>"; };
		8DCAF8D52AF71F3700912616 /* LocationSearchResultCell.swift */ = {isa = PBXFileReference; lastKnownFileType = sourcecode.swift; path = LocationSearchResultCell.swift; sourceTree = "<group>"; };
		952572592EC1C3DA0A2317EA /* Pods_EcoTransitTests.framework */ = {isa = PBXFileReference; explicitFileType = wrapper.framework; includeInIndex = 0; path = Pods_EcoTransitTests.framework; sourceTree = BUILT_PRODUCTS_DIR; };
		9C5EDBCBE33F33041E3A471E /* Pods_EcoTransit.framework */ = {isa = PBXFileReference; explicitFileType = wrapper.framework; includeInIndex = 0; path = Pods_EcoTransit.framework; sourceTree = BUILT_PRODUCTS_DIR; };
		FFB8E63FDFD3DAF524990803 /* Pods_EcoTransit_EcoTransitUITests.framework */ = {isa = PBXFileReference; explicitFileType = wrapper.framework; includeInIndex = 0; path = Pods_EcoTransit_EcoTransitUITests.framework; sourceTree = BUILT_PRODUCTS_DIR; };
/* End PBXFileReference section */

/* Begin PBXFrameworksBuildPhase section */
		8DCAF88C2AF6ECE200912616 /* Frameworks */ = {
			isa = PBXFrameworksBuildPhase;
			buildActionMask = 2147483647;
			files = (
				8DAAF5122B0065CA00CB3012 /* FirebaseFirestore in Frameworks */,
				8DAAF5142B0065CA00CB3012 /* FirebaseFirestoreSwift in Frameworks */,
				A9C318C45538B3B31C6CB31C /* Pods_EcoTransit.framework in Frameworks */,
			);
			runOnlyForDeploymentPostprocessing = 0;
		};
		8DCAF8A12AF6ECE400912616 /* Frameworks */ = {
			isa = PBXFrameworksBuildPhase;
			buildActionMask = 2147483647;
			files = (
				852D2D9B070AAA313AC6159F /* Pods_EcoTransitTests.framework in Frameworks */,
			);
			runOnlyForDeploymentPostprocessing = 0;
		};
		8DCAF8AB2AF6ECE400912616 /* Frameworks */ = {
			isa = PBXFrameworksBuildPhase;
			buildActionMask = 2147483647;
			files = (
				D2FE12A73C529D3E6708E44D /* Pods_EcoTransit_EcoTransitUITests.framework in Frameworks */,
			);
			runOnlyForDeploymentPostprocessing = 0;
		};
/* End PBXFrameworksBuildPhase section */

/* Begin PBXGroup section */
		8D90B04D2AFBE93400DDB461 /* Models */ = {
			isa = PBXGroup;
			children = (
				8D90B04E2AFBE9BB00DDB461 /* MapViewState.swift */,
				8D90B0502AFC310300DDB461 /* RideType.swift */,
				8D78B6042AFD3D2E001EBF97 /* DriverModel.swift */,
				8DAAF50C2B005A4B00CB3012 /* Message.swift */,
			);
			path = Models;
			sourceTree = "<group>";
		};
		8DAAF5022B00445800CB3012 /* Components */ = {
			isa = PBXGroup;
			children = (
				8DAAF5032B00448C00CB3012 /* MessageBubble.swift */,
				8DAAF5052B0044B300CB3012 /* MessageField.swift */,
				8DAAF5072B0044CF00CB3012 /* TitleRow.swift */,
			);
			path = Components;
			sourceTree = "<group>";
		};
		8DCAF8862AF6ECE200912616 = {
			isa = PBXGroup;
			children = (
				8DCAF8912AF6ECE200912616 /* EcoTransit */,
				8DCAF8A72AF6ECE400912616 /* EcoTransitTests */,
				8DCAF8B12AF6ECE400912616 /* EcoTransitUITests */,
				8DCAF8902AF6ECE200912616 /* Products */,
				DB5173A1882B1A34BAF612B6 /* Pods */,
				A1B36CA7C77029668D3F9026 /* Frameworks */,
			);
			sourceTree = "<group>";
		};
		8DCAF8902AF6ECE200912616 /* Products */ = {
			isa = PBXGroup;
			children = (
				8DCAF88F2AF6ECE200912616 /* EcoTransit.app */,
				8DCAF8A42AF6ECE400912616 /* EcoTransitTests.xctest */,
				8DCAF8AE2AF6ECE400912616 /* EcoTransitUITests.xctest */,
			);
			name = Products;
			sourceTree = "<group>";
		};
		8DCAF8912AF6ECE200912616 /* EcoTransit */ = {
			isa = PBXGroup;
			children = (
				8DAAF50E2B005DC000CB3012 /* GoogleService-Info.plist */,
				8DAAF5022B00445800CB3012 /* Components */,
				8DCAF8D22AF717E300912616 /* ViewModel */,
				8DCAF8D12AF717CD00912616 /* Views */,
				8D90B04D2AFBE93400DDB461 /* Models */,
				8DCAF8922AF6ECE200912616 /* EcoTransitApp.swift */,
				8DCAF8962AF6ECE400912616 /* Assets.xcassets */,
				8DCAF89B2AF6ECE400912616 /* Persistence.swift */,
				8DCAF89D2AF6ECE400912616 /* EcoTransit.xcdatamodeld */,
				8DCAF8982AF6ECE400912616 /* Preview Content */,
				8DAAF5152B006B1A00CB3012 /* Extensions.swift */,
			);
			path = EcoTransit;
			sourceTree = "<group>";
		};
		8DCAF8982AF6ECE400912616 /* Preview Content */ = {
			isa = PBXGroup;
			children = (
				8DCAF8992AF6ECE400912616 /* Preview Assets.xcassets */,
			);
			path = "Preview Content";
			sourceTree = "<group>";
		};
		8DCAF8A72AF6ECE400912616 /* EcoTransitTests */ = {
			isa = PBXGroup;
			children = (
				8DCAF8A82AF6ECE400912616 /* EcoTransitTests.swift */,
			);
			path = EcoTransitTests;
			sourceTree = "<group>";
		};
		8DCAF8B12AF6ECE400912616 /* EcoTransitUITests */ = {
			isa = PBXGroup;
			children = (
				8DCAF8B22AF6ECE400912616 /* EcoTransitUITests.swift */,
				8DCAF8B42AF6ECE400912616 /* EcoTransitUITestsLaunchTests.swift */,
			);
			path = EcoTransitUITests;
			sourceTree = "<group>";
		};
		8DCAF8D12AF717CD00912616 /* Views */ = {
			isa = PBXGroup;
			children = (
				8DCAF8942AF6ECE200912616 /* Content1View.swift */,
				8D3C8F4C2AF7C0870033B6C6 /* Driver.swift */,
				8D3C8F4A2AF7C0760033B6C6 /* Location.swift */,
				8D3C8F4E2AF7C0990033B6C6 /* TrackYourRide.swift */,
				8D629AD12AF90DE300B6F08E /* WeclomeSwipeView.swift */,
				8D018F9F2AFAFE9300F6DE45 /* RideRequestView.swift */,
				8DCAF8CA2AF70CD800912616 /* LocationSearchActivationView.swift */,
				8DCAF8D32AF71A2600912616 /* LocationSearchView.swift */,
				8DCAF8D52AF71F3700912616 /* LocationSearchResultCell.swift */,
				8DCAF8CD2AF7159F00912616 /* HomeView.swift */,
				8DCAF8C12AF6F3D300912616 /* MapViewRepresentable.swift */,
				8DCAF8CF2AF717C500912616 /* MapViewActionButton.swift */,
				8D78B60A2AFD3F62001EBF97 /* DriverDetailsView.swift */,
				8DAAF4FE2B00430000CB3012 /* ContentChatView.swift */,
			);
			path = Views;
			sourceTree = "<group>";
		};
		8DCAF8D22AF717E300912616 /* ViewModel */ = {
			isa = PBXGroup;
			children = (
				8DCAF8C32AF6F78D00912616 /* LocationManager.swift */,
				8D6E31D52AF99B76008C4AC6 /* LocationSearchViewModel.swift */,
				8DAAF5002B0043F200CB3012 /* MessagesManager.swift */,
			);
			path = ViewModel;
			sourceTree = "<group>";
		};
		A1B36CA7C77029668D3F9026 /* Frameworks */ = {
			isa = PBXGroup;
			children = (
				9C5EDBCBE33F33041E3A471E /* Pods_EcoTransit.framework */,
				FFB8E63FDFD3DAF524990803 /* Pods_EcoTransit_EcoTransitUITests.framework */,
				952572592EC1C3DA0A2317EA /* Pods_EcoTransitTests.framework */,
			);
			name = Frameworks;
			sourceTree = "<group>";
		};
		DB5173A1882B1A34BAF612B6 /* Pods */ = {
			isa = PBXGroup;
			children = (
				4EFF4A668F52A43C786EF803 /* Pods-EcoTransit.debug.xcconfig */,
				4AB2ACD7A3C964288AEE69D8 /* Pods-EcoTransit.release.xcconfig */,
				40E81BC2163AC57E0A3457EF /* Pods-EcoTransit-EcoTransitUITests.debug.xcconfig */,
				457DF06E4377378CE0D6FE21 /* Pods-EcoTransit-EcoTransitUITests.release.xcconfig */,
				08E3665DAE4F714A60164495 /* Pods-EcoTransitTests.debug.xcconfig */,
				81F8210DF3D3EC1CC60E7937 /* Pods-EcoTransitTests.release.xcconfig */,
			);
			name = Pods;
			path = Pods;
			sourceTree = "<group>";
		};
/* End PBXGroup section */

/* Begin PBXNativeTarget section */
		8DCAF88E2AF6ECE200912616 /* EcoTransit */ = {
			isa = PBXNativeTarget;
			buildConfigurationList = 8DCAF8B82AF6ECE400912616 /* Build configuration list for PBXNativeTarget "EcoTransit" */;
			buildPhases = (
				00A980EB5A7B561081E17844 /* [CP] Check Pods Manifest.lock */,
				8DCAF88B2AF6ECE200912616 /* Sources */,
				8DCAF88C2AF6ECE200912616 /* Frameworks */,
				8DCAF88D2AF6ECE200912616 /* Resources */,
				8F4B2F0D8DE16C3DC19F99B5 /* [CP] Embed Pods Frameworks */,
			);
			buildRules = (
			);
			dependencies = (
			);
			name = EcoTransit;
			packageProductDependencies = (
				8DAAF5112B0065CA00CB3012 /* FirebaseFirestore */,
				8DAAF5132B0065CA00CB3012 /* FirebaseFirestoreSwift */,
			);
			productName = EcoTransit;
			productReference = 8DCAF88F2AF6ECE200912616 /* EcoTransit.app */;
			productType = "com.apple.product-type.application";
		};
		8DCAF8A32AF6ECE400912616 /* EcoTransitTests */ = {
			isa = PBXNativeTarget;
			buildConfigurationList = 8DCAF8BB2AF6ECE400912616 /* Build configuration list for PBXNativeTarget "EcoTransitTests" */;
			buildPhases = (
				4DD147268F0DB77569D6F020 /* [CP] Check Pods Manifest.lock */,
				8DCAF8A02AF6ECE400912616 /* Sources */,
				8DCAF8A12AF6ECE400912616 /* Frameworks */,
				8DCAF8A22AF6ECE400912616 /* Resources */,
			);
			buildRules = (
			);
			dependencies = (
				8DCAF8A62AF6ECE400912616 /* PBXTargetDependency */,
			);
			name = EcoTransitTests;
			productName = EcoTransitTests;
			productReference = 8DCAF8A42AF6ECE400912616 /* EcoTransitTests.xctest */;
			productType = "com.apple.product-type.bundle.unit-test";
		};
		8DCAF8AD2AF6ECE400912616 /* EcoTransitUITests */ = {
			isa = PBXNativeTarget;
			buildConfigurationList = 8DCAF8BE2AF6ECE400912616 /* Build configuration list for PBXNativeTarget "EcoTransitUITests" */;
			buildPhases = (
				969D76660B8A290BCC0069F1 /* [CP] Check Pods Manifest.lock */,
				8DCAF8AA2AF6ECE400912616 /* Sources */,
				8DCAF8AB2AF6ECE400912616 /* Frameworks */,
				8DCAF8AC2AF6ECE400912616 /* Resources */,
				A86753DEBCC649D95F438F76 /* [CP] Embed Pods Frameworks */,
			);
			buildRules = (
			);
			dependencies = (
				8DCAF8B02AF6ECE400912616 /* PBXTargetDependency */,
			);
			name = EcoTransitUITests;
			productName = EcoTransitUITests;
			productReference = 8DCAF8AE2AF6ECE400912616 /* EcoTransitUITests.xctest */;
			productType = "com.apple.product-type.bundle.ui-testing";
		};
/* End PBXNativeTarget section */

/* Begin PBXProject section */
		8DCAF8872AF6ECE200912616 /* Project object */ = {
			isa = PBXProject;
			attributes = {
				BuildIndependentTargetsInParallel = 1;
				LastSwiftUpdateCheck = 1420;
				LastUpgradeCheck = 1420;
				TargetAttributes = {
					8DCAF88E2AF6ECE200912616 = {
						CreatedOnToolsVersion = 14.2;
					};
					8DCAF8A32AF6ECE400912616 = {
						CreatedOnToolsVersion = 14.2;
						TestTargetID = 8DCAF88E2AF6ECE200912616;
					};
					8DCAF8AD2AF6ECE400912616 = {
						CreatedOnToolsVersion = 14.2;
						TestTargetID = 8DCAF88E2AF6ECE200912616;
					};
				};
			};
			buildConfigurationList = 8DCAF88A2AF6ECE200912616 /* Build configuration list for PBXProject "EcoTransit" */;
			compatibilityVersion = "Xcode 14.0";
			developmentRegion = en;
			hasScannedForEncodings = 0;
			knownRegions = (
				en,
				Base,
			);
			mainGroup = 8DCAF8862AF6ECE200912616;
			packageReferences = (
				8DAAF5102B0065CA00CB3012 /* XCRemoteSwiftPackageReference "firebase-ios-sdk" */,
			);
			productRefGroup = 8DCAF8902AF6ECE200912616 /* Products */;
			projectDirPath = "";
			projectRoot = "";
			targets = (
				8DCAF88E2AF6ECE200912616 /* EcoTransit */,
				8DCAF8A32AF6ECE400912616 /* EcoTransitTests */,
				8DCAF8AD2AF6ECE400912616 /* EcoTransitUITests */,
			);
		};
/* End PBXProject section */

/* Begin PBXResourcesBuildPhase section */
		8DCAF88D2AF6ECE200912616 /* Resources */ = {
			isa = PBXResourcesBuildPhase;
			buildActionMask = 2147483647;
			files = (
				8DCAF89A2AF6ECE400912616 /* Preview Assets.xcassets in Resources */,
				8DCAF8972AF6ECE400912616 /* Assets.xcassets in Resources */,
				8DAAF50F2B005DC000CB3012 /* GoogleService-Info.plist in Resources */,
			);
			runOnlyForDeploymentPostprocessing = 0;
		};
		8DCAF8A22AF6ECE400912616 /* Resources */ = {
			isa = PBXResourcesBuildPhase;
			buildActionMask = 2147483647;
			files = (
			);
			runOnlyForDeploymentPostprocessing = 0;
		};
		8DCAF8AC2AF6ECE400912616 /* Resources */ = {
			isa = PBXResourcesBuildPhase;
			buildActionMask = 2147483647;
			files = (
			);
			runOnlyForDeploymentPostprocessing = 0;
		};
/* End PBXResourcesBuildPhase section */

/* Begin PBXShellScriptBuildPhase section */
		00A980EB5A7B561081E17844 /* [CP] Check Pods Manifest.lock */ = {
			isa = PBXShellScriptBuildPhase;
			buildActionMask = 2147483647;
			files = (
			);
			inputFileListPaths = (
			);
			inputPaths = (
				"${PODS_PODFILE_DIR_PATH}/Podfile.lock",
				"${PODS_ROOT}/Manifest.lock",
			);
			name = "[CP] Check Pods Manifest.lock";
			outputFileListPaths = (
			);
			outputPaths = (
				"$(DERIVED_FILE_DIR)/Pods-EcoTransit-checkManifestLockResult.txt",
			);
			runOnlyForDeploymentPostprocessing = 0;
			shellPath = /bin/sh;
			shellScript = "diff \"${PODS_PODFILE_DIR_PATH}/Podfile.lock\" \"${PODS_ROOT}/Manifest.lock\" > /dev/null\nif [ $? != 0 ] ; then\n    # print error to STDERR\n    echo \"error: The sandbox is not in sync with the Podfile.lock. Run 'pod install' or update your CocoaPods installation.\" >&2\n    exit 1\nfi\n# This output is used by Xcode 'outputs' to avoid re-running this script phase.\necho \"SUCCESS\" > \"${SCRIPT_OUTPUT_FILE_0}\"\n";
			showEnvVarsInLog = 0;
		};
		4DD147268F0DB77569D6F020 /* [CP] Check Pods Manifest.lock */ = {
			isa = PBXShellScriptBuildPhase;
			buildActionMask = 2147483647;
			files = (
			);
			inputFileListPaths = (
			);
			inputPaths = (
				"${PODS_PODFILE_DIR_PATH}/Podfile.lock",
				"${PODS_ROOT}/Manifest.lock",
			);
			name = "[CP] Check Pods Manifest.lock";
			outputFileListPaths = (
			);
			outputPaths = (
				"$(DERIVED_FILE_DIR)/Pods-EcoTransitTests-checkManifestLockResult.txt",
			);
			runOnlyForDeploymentPostprocessing = 0;
			shellPath = /bin/sh;
			shellScript = "diff \"${PODS_PODFILE_DIR_PATH}/Podfile.lock\" \"${PODS_ROOT}/Manifest.lock\" > /dev/null\nif [ $? != 0 ] ; then\n    # print error to STDERR\n    echo \"error: The sandbox is not in sync with the Podfile.lock. Run 'pod install' or update your CocoaPods installation.\" >&2\n    exit 1\nfi\n# This output is used by Xcode 'outputs' to avoid re-running this script phase.\necho \"SUCCESS\" > \"${SCRIPT_OUTPUT_FILE_0}\"\n";
			showEnvVarsInLog = 0;
		};
		8F4B2F0D8DE16C3DC19F99B5 /* [CP] Embed Pods Frameworks */ = {
			isa = PBXShellScriptBuildPhase;
			buildActionMask = 2147483647;
			files = (
			);
			inputFileListPaths = (
				"${PODS_ROOT}/Target Support Files/Pods-EcoTransit/Pods-EcoTransit-frameworks-${CONFIGURATION}-input-files.xcfilelist",
			);
			name = "[CP] Embed Pods Frameworks";
			outputFileListPaths = (
				"${PODS_ROOT}/Target Support Files/Pods-EcoTransit/Pods-EcoTransit-frameworks-${CONFIGURATION}-output-files.xcfilelist",
			);
			runOnlyForDeploymentPostprocessing = 0;
			shellPath = /bin/sh;
			shellScript = "\"${PODS_ROOT}/Target Support Files/Pods-EcoTransit/Pods-EcoTransit-frameworks.sh\"\n";
			showEnvVarsInLog = 0;
		};
		969D76660B8A290BCC0069F1 /* [CP] Check Pods Manifest.lock */ = {
			isa = PBXShellScriptBuildPhase;
			buildActionMask = 2147483647;
			files = (
			);
			inputFileListPaths = (
			);
			inputPaths = (
				"${PODS_PODFILE_DIR_PATH}/Podfile.lock",
				"${PODS_ROOT}/Manifest.lock",
			);
			name = "[CP] Check Pods Manifest.lock";
			outputFileListPaths = (
			);
			outputPaths = (
				"$(DERIVED_FILE_DIR)/Pods-EcoTransit-EcoTransitUITests-checkManifestLockResult.txt",
			);
			runOnlyForDeploymentPostprocessing = 0;
			shellPath = /bin/sh;
			shellScript = "diff \"${PODS_PODFILE_DIR_PATH}/Podfile.lock\" \"${PODS_ROOT}/Manifest.lock\" > /dev/null\nif [ $? != 0 ] ; then\n    # print error to STDERR\n    echo \"error: The sandbox is not in sync with the Podfile.lock. Run 'pod install' or update your CocoaPods installation.\" >&2\n    exit 1\nfi\n# This output is used by Xcode 'outputs' to avoid re-running this script phase.\necho \"SUCCESS\" > \"${SCRIPT_OUTPUT_FILE_0}\"\n";
			showEnvVarsInLog = 0;
		};
		A86753DEBCC649D95F438F76 /* [CP] Embed Pods Frameworks */ = {
			isa = PBXShellScriptBuildPhase;
			buildActionMask = 2147483647;
			files = (
			);
			inputFileListPaths = (
				"${PODS_ROOT}/Target Support Files/Pods-EcoTransit-EcoTransitUITests/Pods-EcoTransit-EcoTransitUITests-frameworks-${CONFIGURATION}-input-files.xcfilelist",
			);
			name = "[CP] Embed Pods Frameworks";
			outputFileListPaths = (
				"${PODS_ROOT}/Target Support Files/Pods-EcoTransit-EcoTransitUITests/Pods-EcoTransit-EcoTransitUITests-frameworks-${CONFIGURATION}-output-files.xcfilelist",
			);
			runOnlyForDeploymentPostprocessing = 0;
			shellPath = /bin/sh;
			shellScript = "\"${PODS_ROOT}/Target Support Files/Pods-EcoTransit-EcoTransitUITests/Pods-EcoTransit-EcoTransitUITests-frameworks.sh\"\n";
			showEnvVarsInLog = 0;
		};
/* End PBXShellScriptBuildPhase section */

/* Begin PBXSourcesBuildPhase section */
		8DCAF88B2AF6ECE200912616 /* Sources */ = {
			isa = PBXSourcesBuildPhase;
			buildActionMask = 2147483647;
			files = (
				8DCAF8C22AF6F3D300912616 /* MapViewRepresentable.swift in Sources */,
				8DAAF5082B0044CF00CB3012 /* TitleRow.swift in Sources */,
				8DCAF8D02AF717C500912616 /* MapViewActionButton.swift in Sources */,
				8D3C8F4F2AF7C0990033B6C6 /* TrackYourRide.swift in Sources */,
				8D6E31D62AF99B76008C4AC6 /* LocationSearchViewModel.swift in Sources */,
				8DCAF89C2AF6ECE400912616 /* Persistence.swift in Sources */,
				8D3C8F4D2AF7C0870033B6C6 /* Driver.swift in Sources */,
				8DCAF8C42AF6F78D00912616 /* LocationManager.swift in Sources */,
				8DCAF8952AF6ECE200912616 /* Content1View.swift in Sources */,
				8D018FA02AFAFE9300F6DE45 /* RideRequestView.swift in Sources */,
				8D78B60B2AFD3F62001EBF97 /* DriverDetailsView.swift in Sources */,
				8D78B6052AFD3D2E001EBF97 /* DriverModel.swift in Sources */,
				8DAAF50D2B005A4B00CB3012 /* Message.swift in Sources */,
				8D90B0512AFC310300DDB461 /* RideType.swift in Sources */,
				8D90B04F2AFBE9BB00DDB461 /* MapViewState.swift in Sources */,
				8DCAF8D42AF71A2600912616 /* LocationSearchView.swift in Sources */,
				8DAAF5042B00448C00CB3012 /* MessageBubble.swift in Sources */,
				8DCAF8932AF6ECE200912616 /* EcoTransitApp.swift in Sources */,
				8DCAF8CE2AF7159F00912616 /* HomeView.swift in Sources */,
				8DAAF5062B0044B300CB3012 /* MessageField.swift in Sources */,
				8DCAF89F2AF6ECE400912616 /* EcoTransit.xcdatamodeld in Sources */,
				8DAAF5012B0043F200CB3012 /* MessagesManager.swift in Sources */,
				8D629AD22AF90DE300B6F08E /* WeclomeSwipeView.swift in Sources */,
				8DCAF8CB2AF70CD800912616 /* LocationSearchActivationView.swift in Sources */,
				8D3C8F4B2AF7C0760033B6C6 /* Location.swift in Sources */,
				8DAAF4FF2B00430000CB3012 /* ContentChatView.swift in Sources */,
				8DCAF8D62AF71F3700912616 /* LocationSearchResultCell.swift in Sources */,
				8DAAF5162B006B1A00CB3012 /* Extensions.swift in Sources */,
			);
			runOnlyForDeploymentPostprocessing = 0;
		};
		8DCAF8A02AF6ECE400912616 /* Sources */ = {
			isa = PBXSourcesBuildPhase;
			buildActionMask = 2147483647;
			files = (
				8DCAF8A92AF6ECE400912616 /* EcoTransitTests.swift in Sources */,
			);
			runOnlyForDeploymentPostprocessing = 0;
		};
		8DCAF8AA2AF6ECE400912616 /* Sources */ = {
			isa = PBXSourcesBuildPhase;
			buildActionMask = 2147483647;
			files = (
				8DCAF8B52AF6ECE400912616 /* EcoTransitUITestsLaunchTests.swift in Sources */,
				8DCAF8B32AF6ECE400912616 /* EcoTransitUITests.swift in Sources */,
			);
			runOnlyForDeploymentPostprocessing = 0;
		};
/* End PBXSourcesBuildPhase section */

/* Begin PBXTargetDependency section */
		8DCAF8A62AF6ECE400912616 /* PBXTargetDependency */ = {
			isa = PBXTargetDependency;
			target = 8DCAF88E2AF6ECE200912616 /* EcoTransit */;
			targetProxy = 8DCAF8A52AF6ECE400912616 /* PBXContainerItemProxy */;
		};
		8DCAF8B02AF6ECE400912616 /* PBXTargetDependency */ = {
			isa = PBXTargetDependency;
			target = 8DCAF88E2AF6ECE200912616 /* EcoTransit */;
			targetProxy = 8DCAF8AF2AF6ECE400912616 /* PBXContainerItemProxy */;
		};
/* End PBXTargetDependency section */

/* Begin XCBuildConfiguration section */
		8DCAF8B62AF6ECE400912616 /* Debug */ = {
			isa = XCBuildConfiguration;
			buildSettings = {
				ALWAYS_SEARCH_USER_PATHS = NO;
				CLANG_ANALYZER_NONNULL = YES;
				CLANG_ANALYZER_NUMBER_OBJECT_CONVERSION = YES_AGGRESSIVE;
				CLANG_CXX_LANGUAGE_STANDARD = "gnu++20";
				CLANG_ENABLE_MODULES = YES;
				CLANG_ENABLE_OBJC_ARC = YES;
				CLANG_ENABLE_OBJC_WEAK = YES;
				CLANG_WARN_BLOCK_CAPTURE_AUTORELEASING = YES;
				CLANG_WARN_BOOL_CONVERSION = YES;
				CLANG_WARN_COMMA = YES;
				CLANG_WARN_CONSTANT_CONVERSION = YES;
				CLANG_WARN_DEPRECATED_OBJC_IMPLEMENTATIONS = YES;
				CLANG_WARN_DIRECT_OBJC_ISA_USAGE = YES_ERROR;
				CLANG_WARN_DOCUMENTATION_COMMENTS = YES;
				CLANG_WARN_EMPTY_BODY = YES;
				CLANG_WARN_ENUM_CONVERSION = YES;
				CLANG_WARN_INFINITE_RECURSION = YES;
				CLANG_WARN_INT_CONVERSION = YES;
				CLANG_WARN_NON_LITERAL_NULL_CONVERSION = YES;
				CLANG_WARN_OBJC_IMPLICIT_RETAIN_SELF = YES;
				CLANG_WARN_OBJC_LITERAL_CONVERSION = YES;
				CLANG_WARN_OBJC_ROOT_CLASS = YES_ERROR;
				CLANG_WARN_QUOTED_INCLUDE_IN_FRAMEWORK_HEADER = YES;
				CLANG_WARN_RANGE_LOOP_ANALYSIS = YES;
				CLANG_WARN_STRICT_PROTOTYPES = YES;
				CLANG_WARN_SUSPICIOUS_MOVE = YES;
				CLANG_WARN_UNGUARDED_AVAILABILITY = YES_AGGRESSIVE;
				CLANG_WARN_UNREACHABLE_CODE = YES;
				CLANG_WARN__DUPLICATE_METHOD_MATCH = YES;
				COPY_PHASE_STRIP = NO;
				DEBUG_INFORMATION_FORMAT = dwarf;
				ENABLE_STRICT_OBJC_MSGSEND = YES;
				ENABLE_TESTABILITY = YES;
				GCC_C_LANGUAGE_STANDARD = gnu11;
				GCC_DYNAMIC_NO_PIC = NO;
				GCC_NO_COMMON_BLOCKS = YES;
				GCC_OPTIMIZATION_LEVEL = 0;
				GCC_PREPROCESSOR_DEFINITIONS = (
					"DEBUG=1",
					"$(inherited)",
				);
				GCC_WARN_64_TO_32_BIT_CONVERSION = YES;
				GCC_WARN_ABOUT_RETURN_TYPE = YES_ERROR;
				GCC_WARN_UNDECLARED_SELECTOR = YES;
				GCC_WARN_UNINITIALIZED_AUTOS = YES_AGGRESSIVE;
				GCC_WARN_UNUSED_FUNCTION = YES;
				GCC_WARN_UNUSED_VARIABLE = YES;
				IPHONEOS_DEPLOYMENT_TARGET = 16.2;
				MTL_ENABLE_DEBUG_INFO = INCLUDE_SOURCE;
				MTL_FAST_MATH = YES;
				ONLY_ACTIVE_ARCH = YES;
				SDKROOT = iphoneos;
				SWIFT_ACTIVE_COMPILATION_CONDITIONS = DEBUG;
				SWIFT_OPTIMIZATION_LEVEL = "-Onone";
			};
			name = Debug;
		};
		8DCAF8B72AF6ECE400912616 /* Release */ = {
			isa = XCBuildConfiguration;
			buildSettings = {
				ALWAYS_SEARCH_USER_PATHS = NO;
				CLANG_ANALYZER_NONNULL = YES;
				CLANG_ANALYZER_NUMBER_OBJECT_CONVERSION = YES_AGGRESSIVE;
				CLANG_CXX_LANGUAGE_STANDARD = "gnu++20";
				CLANG_ENABLE_MODULES = YES;
				CLANG_ENABLE_OBJC_ARC = YES;
				CLANG_ENABLE_OBJC_WEAK = YES;
				CLANG_WARN_BLOCK_CAPTURE_AUTORELEASING = YES;
				CLANG_WARN_BOOL_CONVERSION = YES;
				CLANG_WARN_COMMA = YES;
				CLANG_WARN_CONSTANT_CONVERSION = YES;
				CLANG_WARN_DEPRECATED_OBJC_IMPLEMENTATIONS = YES;
				CLANG_WARN_DIRECT_OBJC_ISA_USAGE = YES_ERROR;
				CLANG_WARN_DOCUMENTATION_COMMENTS = YES;
				CLANG_WARN_EMPTY_BODY = YES;
				CLANG_WARN_ENUM_CONVERSION = YES;
				CLANG_WARN_INFINITE_RECURSION = YES;
				CLANG_WARN_INT_CONVERSION = YES;
				CLANG_WARN_NON_LITERAL_NULL_CONVERSION = YES;
				CLANG_WARN_OBJC_IMPLICIT_RETAIN_SELF = YES;
				CLANG_WARN_OBJC_LITERAL_CONVERSION = YES;
				CLANG_WARN_OBJC_ROOT_CLASS = YES_ERROR;
				CLANG_WARN_QUOTED_INCLUDE_IN_FRAMEWORK_HEADER = YES;
				CLANG_WARN_RANGE_LOOP_ANALYSIS = YES;
				CLANG_WARN_STRICT_PROTOTYPES = YES;
				CLANG_WARN_SUSPICIOUS_MOVE = YES;
				CLANG_WARN_UNGUARDED_AVAILABILITY = YES_AGGRESSIVE;
				CLANG_WARN_UNREACHABLE_CODE = YES;
				CLANG_WARN__DUPLICATE_METHOD_MATCH = YES;
				COPY_PHASE_STRIP = NO;
				DEBUG_INFORMATION_FORMAT = "dwarf-with-dsym";
				ENABLE_NS_ASSERTIONS = NO;
				ENABLE_STRICT_OBJC_MSGSEND = YES;
				GCC_C_LANGUAGE_STANDARD = gnu11;
				GCC_NO_COMMON_BLOCKS = YES;
				GCC_WARN_64_TO_32_BIT_CONVERSION = YES;
				GCC_WARN_ABOUT_RETURN_TYPE = YES_ERROR;
				GCC_WARN_UNDECLARED_SELECTOR = YES;
				GCC_WARN_UNINITIALIZED_AUTOS = YES_AGGRESSIVE;
				GCC_WARN_UNUSED_FUNCTION = YES;
				GCC_WARN_UNUSED_VARIABLE = YES;
				IPHONEOS_DEPLOYMENT_TARGET = 16.2;
				MTL_ENABLE_DEBUG_INFO = NO;
				MTL_FAST_MATH = YES;
				SDKROOT = iphoneos;
				SWIFT_COMPILATION_MODE = wholemodule;
				SWIFT_OPTIMIZATION_LEVEL = "-O";
				VALIDATE_PRODUCT = YES;
			};
			name = Release;
		};
		8DCAF8B92AF6ECE400912616 /* Debug */ = {
			isa = XCBuildConfiguration;
			baseConfigurationReference = 4EFF4A668F52A43C786EF803 /* Pods-EcoTransit.debug.xcconfig */;
			buildSettings = {
				ASSETCATALOG_COMPILER_APPICON_NAME = AppIcon;
				ASSETCATALOG_COMPILER_GLOBAL_ACCENT_COLOR_NAME = AccentColor;
				CODE_SIGN_STYLE = Automatic;
				CURRENT_PROJECT_VERSION = 1;
				DEVELOPMENT_ASSET_PATHS = "\"EcoTransit/Preview Content\"";
				ENABLE_PREVIEWS = YES;
				GENERATE_INFOPLIST_FILE = YES;
				INFOPLIST_KEY_NSLocationAlwaysAndWhenInUseUsageDescription = "please allow us to access to your location";
				INFOPLIST_KEY_NSLocationUsageDescription = "please allow us to access to your location";
				INFOPLIST_KEY_NSLocationWhenInUseUsageDescription = "please allow us to access to your location";
				INFOPLIST_KEY_UIApplicationSceneManifest_Generation = YES;
				INFOPLIST_KEY_UIApplicationSupportsIndirectInputEvents = YES;
				INFOPLIST_KEY_UILaunchScreen_Generation = YES;
				INFOPLIST_KEY_UISupportedInterfaceOrientations_iPad = "UIInterfaceOrientationPortrait UIInterfaceOrientationPortraitUpsideDown UIInterfaceOrientationLandscapeLeft UIInterfaceOrientationLandscapeRight";
				INFOPLIST_KEY_UISupportedInterfaceOrientations_iPhone = "UIInterfaceOrientationPortrait UIInterfaceOrientationLandscapeLeft UIInterfaceOrientationLandscapeRight";
				LD_RUNPATH_SEARCH_PATHS = (
					"$(inherited)",
					"@executable_path/Frameworks",
				);
				MARKETING_VERSION = 1.0;
				PRODUCT_BUNDLE_IDENTIFIER = TransportCom.EcoTransit;
				PRODUCT_NAME = "$(TARGET_NAME)";
				SWIFT_EMIT_LOC_STRINGS = YES;
				SWIFT_VERSION = 5.0;
				TARGETED_DEVICE_FAMILY = "1,2";
			};
			name = Debug;
		};
		8DCAF8BA2AF6ECE400912616 /* Release */ = {
			isa = XCBuildConfiguration;
			baseConfigurationReference = 4AB2ACD7A3C964288AEE69D8 /* Pods-EcoTransit.release.xcconfig */;
			buildSettings = {
				ASSETCATALOG_COMPILER_APPICON_NAME = AppIcon;
				ASSETCATALOG_COMPILER_GLOBAL_ACCENT_COLOR_NAME = AccentColor;
				CODE_SIGN_STYLE = Automatic;
				CURRENT_PROJECT_VERSION = 1;
				DEVELOPMENT_ASSET_PATHS = "\"EcoTransit/Preview Content\"";
				ENABLE_PREVIEWS = YES;
				GENERATE_INFOPLIST_FILE = YES;
				INFOPLIST_KEY_NSLocationAlwaysAndWhenInUseUsageDescription = "please allow us to access to your location";
				INFOPLIST_KEY_NSLocationUsageDescription = "please allow us to access to your location";
				INFOPLIST_KEY_NSLocationWhenInUseUsageDescription = "please allow us to access to your location";
				INFOPLIST_KEY_UIApplicationSceneManifest_Generation = YES;
				INFOPLIST_KEY_UIApplicationSupportsIndirectInputEvents = YES;
				INFOPLIST_KEY_UILaunchScreen_Generation = YES;
				INFOPLIST_KEY_UISupportedInterfaceOrientations_iPad = "UIInterfaceOrientationPortrait UIInterfaceOrientationPortraitUpsideDown UIInterfaceOrientationLandscapeLeft UIInterfaceOrientationLandscapeRight";
				INFOPLIST_KEY_UISupportedInterfaceOrientations_iPhone = "UIInterfaceOrientationPortrait UIInterfaceOrientationLandscapeLeft UIInterfaceOrientationLandscapeRight";
				LD_RUNPATH_SEARCH_PATHS = (
					"$(inherited)",
					"@executable_path/Frameworks",
				);
				MARKETING_VERSION = 1.0;
				PRODUCT_BUNDLE_IDENTIFIER = TransportCom.EcoTransit;
				PRODUCT_NAME = "$(TARGET_NAME)";
				SWIFT_EMIT_LOC_STRINGS = YES;
				SWIFT_VERSION = 5.0;
				TARGETED_DEVICE_FAMILY = "1,2";
			};
			name = Release;
		};
		8DCAF8BC2AF6ECE400912616 /* Debug */ = {
			isa = XCBuildConfiguration;
			baseConfigurationReference = 08E3665DAE4F714A60164495 /* Pods-EcoTransitTests.debug.xcconfig */;
			buildSettings = {
				ALWAYS_EMBED_SWIFT_STANDARD_LIBRARIES = YES;
				BUNDLE_LOADER = "$(TEST_HOST)";
				CODE_SIGN_STYLE = Automatic;
				CURRENT_PROJECT_VERSION = 1;
				GENERATE_INFOPLIST_FILE = YES;
				IPHONEOS_DEPLOYMENT_TARGET = 16.2;
				MARKETING_VERSION = 1.0;
				PRODUCT_BUNDLE_IDENTIFIER = TransportCom.EcoTransitTests;
				PRODUCT_NAME = "$(TARGET_NAME)";
				SWIFT_EMIT_LOC_STRINGS = NO;
				SWIFT_VERSION = 5.0;
				TARGETED_DEVICE_FAMILY = "1,2";
				TEST_HOST = "$(BUILT_PRODUCTS_DIR)/EcoTransit.app/$(BUNDLE_EXECUTABLE_FOLDER_PATH)/EcoTransit";
			};
			name = Debug;
		};
		8DCAF8BD2AF6ECE400912616 /* Release */ = {
			isa = XCBuildConfiguration;
			baseConfigurationReference = 81F8210DF3D3EC1CC60E7937 /* Pods-EcoTransitTests.release.xcconfig */;
			buildSettings = {
				ALWAYS_EMBED_SWIFT_STANDARD_LIBRARIES = YES;
				BUNDLE_LOADER = "$(TEST_HOST)";
				CODE_SIGN_STYLE = Automatic;
				CURRENT_PROJECT_VERSION = 1;
				GENERATE_INFOPLIST_FILE = YES;
				IPHONEOS_DEPLOYMENT_TARGET = 16.2;
				MARKETING_VERSION = 1.0;
				PRODUCT_BUNDLE_IDENTIFIER = TransportCom.EcoTransitTests;
				PRODUCT_NAME = "$(TARGET_NAME)";
				SWIFT_EMIT_LOC_STRINGS = NO;
				SWIFT_VERSION = 5.0;
				TARGETED_DEVICE_FAMILY = "1,2";
				TEST_HOST = "$(BUILT_PRODUCTS_DIR)/EcoTransit.app/$(BUNDLE_EXECUTABLE_FOLDER_PATH)/EcoTransit";
			};
			name = Release;
		};
		8DCAF8BF2AF6ECE400912616 /* Debug */ = {
			isa = XCBuildConfiguration;
			baseConfigurationReference = 40E81BC2163AC57E0A3457EF /* Pods-EcoTransit-EcoTransitUITests.debug.xcconfig */;
			buildSettings = {
				ALWAYS_EMBED_SWIFT_STANDARD_LIBRARIES = YES;
				CODE_SIGN_STYLE = Automatic;
				CURRENT_PROJECT_VERSION = 1;
				GENERATE_INFOPLIST_FILE = YES;
				MARKETING_VERSION = 1.0;
				PRODUCT_BUNDLE_IDENTIFIER = TransportCom.EcoTransitUITests;
				PRODUCT_NAME = "$(TARGET_NAME)";
				SWIFT_EMIT_LOC_STRINGS = NO;
				SWIFT_VERSION = 5.0;
				TARGETED_DEVICE_FAMILY = "1,2";
				TEST_TARGET_NAME = EcoTransit;
			};
			name = Debug;
		};
		8DCAF8C02AF6ECE400912616 /* Release */ = {
			isa = XCBuildConfiguration;
			baseConfigurationReference = 457DF06E4377378CE0D6FE21 /* Pods-EcoTransit-EcoTransitUITests.release.xcconfig */;
			buildSettings = {
				ALWAYS_EMBED_SWIFT_STANDARD_LIBRARIES = YES;
				CODE_SIGN_STYLE = Automatic;
				CURRENT_PROJECT_VERSION = 1;
				GENERATE_INFOPLIST_FILE = YES;
				MARKETING_VERSION = 1.0;
				PRODUCT_BUNDLE_IDENTIFIER = TransportCom.EcoTransitUITests;
				PRODUCT_NAME = "$(TARGET_NAME)";
				SWIFT_EMIT_LOC_STRINGS = NO;
				SWIFT_VERSION = 5.0;
				TARGETED_DEVICE_FAMILY = "1,2";
				TEST_TARGET_NAME = EcoTransit;
			};
			name = Release;
		};
/* End XCBuildConfiguration section */

/* Begin XCConfigurationList section */
		8DCAF88A2AF6ECE200912616 /* Build configuration list for PBXProject "EcoTransit" */ = {
			isa = XCConfigurationList;
			buildConfigurations = (
				8DCAF8B62AF6ECE400912616 /* Debug */,
				8DCAF8B72AF6ECE400912616 /* Release */,
			);
			defaultConfigurationIsVisible = 0;
			defaultConfigurationName = Release;
		};
		8DCAF8B82AF6ECE400912616 /* Build configuration list for PBXNativeTarget "EcoTransit" */ = {
			isa = XCConfigurationList;
			buildConfigurations = (
				8DCAF8B92AF6ECE400912616 /* Debug */,
				8DCAF8BA2AF6ECE400912616 /* Release */,
			);
			defaultConfigurationIsVisible = 0;
			defaultConfigurationName = Release;
		};
		8DCAF8BB2AF6ECE400912616 /* Build configuration list for PBXNativeTarget "EcoTransitTests" */ = {
			isa = XCConfigurationList;
			buildConfigurations = (
				8DCAF8BC2AF6ECE400912616 /* Debug */,
				8DCAF8BD2AF6ECE400912616 /* Release */,
			);
			defaultConfigurationIsVisible = 0;
			defaultConfigurationName = Release;
		};
		8DCAF8BE2AF6ECE400912616 /* Build configuration list for PBXNativeTarget "EcoTransitUITests" */ = {
			isa = XCConfigurationList;
			buildConfigurations = (
				8DCAF8BF2AF6ECE400912616 /* Debug */,
				8DCAF8C02AF6ECE400912616 /* Release */,
			);
			defaultConfigurationIsVisible = 0;
			defaultConfigurationName = Release;
		};
/* End XCConfigurationList section */

/* Begin XCRemoteSwiftPackageReference section */
		8DAAF5102B0065CA00CB3012 /* XCRemoteSwiftPackageReference "firebase-ios-sdk" */ = {
			isa = XCRemoteSwiftPackageReference;
			repositoryURL = "https://github.com/firebase/firebase-ios-sdk";
			requirement = {
				kind = upToNextMajorVersion;
				minimumVersion = 9.0.0;
			};
		};
/* End XCRemoteSwiftPackageReference section */

/* Begin XCSwiftPackageProductDependency section */
		8DAAF5112B0065CA00CB3012 /* FirebaseFirestore */ = {
			isa = XCSwiftPackageProductDependency;
			package = 8DAAF5102B0065CA00CB3012 /* XCRemoteSwiftPackageReference "firebase-ios-sdk" */;
			productName = FirebaseFirestore;
		};
		8DAAF5132B0065CA00CB3012 /* FirebaseFirestoreSwift */ = {
			isa = XCSwiftPackageProductDependency;
			package = 8DAAF5102B0065CA00CB3012 /* XCRemoteSwiftPackageReference "firebase-ios-sdk" */;
			productName = FirebaseFirestoreSwift;
		};
/* End XCSwiftPackageProductDependency section */

/* Begin XCVersionGroup section */
		8DCAF89D2AF6ECE400912616 /* EcoTransit.xcdatamodeld */ = {
			isa = XCVersionGroup;
			children = (
				8DCAF89E2AF6ECE400912616 /* EcoTransit.xcdatamodel */,
			);
			currentVersion = 8DCAF89E2AF6ECE400912616 /* EcoTransit.xcdatamodel */;
			path = EcoTransit.xcdatamodeld;
			sourceTree = "<group>";
			versionGroupType = wrapper.xcdatamodel;
		};
/* End XCVersionGroup section */
	};
	rootObject = 8DCAF8872AF6ECE200912616 /* Project object */;
}
